
Microsoft Visual Studio Solution File, Format Version 12.00
# Visual Studio Version 16
VisualStudioVersion = 16.0.30523.141
MinimumVisualStudioVersion = 10.0.40219.1
Project("{FAE04EC0-301F-11D3-BF4B-00C04F79EFBC}") = "选课管理系统", "选课管理系统.csproj", "{CBFD7A37-73E6-4B77-8A9E-A44B4A0729FD}"
EndProject
Global
	GlobalSection(SolutionConfigurationPlatforms) = preSolution
		Debug|Any CPU = Debug|Any CPU
		Release|Any CPU = Release|Any CPU
	EndGlobalSection
	GlobalSection(ProjectConfigurationPlatforms) = postSolution
		{CBFD7A37-73E6-4B77-8A9E-A44B4A0729FD}.Debug|Any CPU.ActiveCfg = Debug|Any CPU
		{CBFD7A37-73E6-4B77-8A9E-A44B4A0729FD}.Debug|Any CPU.Build.0 = Debug|Any CPU
		{CBFD7A37-73E6-4B77-8A9E-A44B4A0729FD}.Release|Any CPU.ActiveCfg = Release|Any CPU
		{CBFD7A37-73E6-4B77-8A9E-A44B4A0729FD}.Release|Any CPU.Build.0 = Release|Any CPU
	EndGlobalSection
	GlobalSection(SolutionProperties) = preSolution
		HideSolutionNode = FALSE
	EndGlobalSection
	GlobalSection(ExtensibilityGlobals) = postSolution
		SolutionGuid = {86FE0EE2-CD9E-419D-8265-A8BA57AAEB01}
	EndGlobalSection
EndGlobal
